// !$*UTF8*$!
{
	archiveVersion = 1;
	classes = {
	};
	objectVersion = 56;
	objects = {

/* Begin PBXBuildFile section */
		B1789BAD29BC45BD00FE3FE7 /* MiniAppApp.swift in Sources */ = {isa = PBXBuildFile; fileRef = B1789BAC29BC45BD00FE3FE7 /* MiniAppApp.swift */; };
		B1789BB129BC45BD00FE3FE7 /* Assets.xcassets in Resources */ = {isa = PBXBuildFile; fileRef = B1789BB029BC45BD00FE3FE7 /* Assets.xcassets */; };
		B1789BB429BC45BD00FE3FE7 /* Preview Assets.xcassets in Resources */ = {isa = PBXBuildFile; fileRef = B1789BB329BC45BD00FE3FE7 /* Preview Assets.xcassets */; };
		B1789BBF29BC472000FE3FE7 /* DownloadingImages.swift in Sources */ = {isa = PBXBuildFile; fileRef = B1789BBE29BC472000FE3FE7 /* DownloadingImages.swift */; };
		B1789BC129BC488B00FE3FE7 /* PhotoModel.swift in Sources */ = {isa = PBXBuildFile; fileRef = B1789BC029BC488B00FE3FE7 /* PhotoModel.swift */; };
		B1789BC329BC498200FE3FE7 /* DownloadingImagesViewModel.swift in Sources */ = {isa = PBXBuildFile; fileRef = B1789BC229BC498200FE3FE7 /* DownloadingImagesViewModel.swift */; };
		B1789BC529BC4B1400FE3FE7 /* PhotoModelDataService.swift in Sources */ = {isa = PBXBuildFile; fileRef = B1789BC429BC4B1400FE3FE7 /* PhotoModelDataService.swift */; };
		B1789BC729BC69D900FE3FE7 /* DownloadedImageInRow.swift in Sources */ = {isa = PBXBuildFile; fileRef = B1789BC629BC69D900FE3FE7 /* DownloadedImageInRow.swift */; };
		B1789BC929BC7F9700FE3FE7 /* DownloadingImageView.swift in Sources */ = {isa = PBXBuildFile; fileRef = B1789BC829BC7F9700FE3FE7 /* DownloadingImageView.swift */; };
		B1789BCB29BC806900FE3FE7 /* ImageLoadingViewModel.swift in Sources */ = {isa = PBXBuildFile; fileRef = B1789BCA29BC806900FE3FE7 /* ImageLoadingViewModel.swift */; };
		B1789BCD29BC953F00FE3FE7 /* PhotoModelCacheManager.swift in Sources */ = {isa = PBXBuildFile; fileRef = B1789BCC29BC953F00FE3FE7 /* PhotoModelCacheManager.swift */; };
		B1789BCF29BC976B00FE3FE7 /* PhotoModelFileManager.swift in Sources */ = {isa = PBXBuildFile; fileRef = B1789BCE29BC976B00FE3FE7 /* PhotoModelFileManager.swift */; };
/* End PBXBuildFile section */

/* Begin PBXFileReference section */
		B1789BA929BC45BD00FE3FE7 /* MiniApp.app */ = {isa = PBXFileReference; explicitFileType = wrapper.application; includeInIndex = 0; path = MiniApp.app; sourceTree = BUILT_PRODUCTS_DIR; };
		B1789BAC29BC45BD00FE3FE7 /* MiniAppApp.swift */ = {isa = PBXFileReference; lastKnownFileType = sourcecode.swift; path = MiniAppApp.swift; sourceTree = "<group>"; };
		B1789BB029BC45BD00FE3FE7 /* Assets.xcassets */ = {isa = PBXFileReference; lastKnownFileType = folder.assetcatalog; path = Assets.xcassets; sourceTree = "<group>"; };
		B1789BB329BC45BD00FE3FE7 /* Preview Assets.xcassets */ = {isa = PBXFileReference; lastKnownFileType = folder.assetcatalog; path = "Preview Assets.xcassets"; sourceTree = "<group>"; };
		B1789BBE29BC472000FE3FE7 /* DownloadingImages.swift */ = {isa = PBXFileReference; lastKnownFileType = sourcecode.swift; path = DownloadingImages.swift; sourceTree = "<group>"; };
		B1789BC029BC488B00FE3FE7 /* PhotoModel.swift */ = {isa = PBXFileReference; lastKnownFileType = sourcecode.swift; path = PhotoModel.swift; sourceTree = "<group>"; };
		B1789BC229BC498200FE3FE7 /* DownloadingImagesViewModel.swift */ = {isa = PBXFileReference; lastKnownFileType = sourcecode.swift; path = DownloadingImagesViewModel.swift; sourceTree = "<group>"; };
		B1789BC429BC4B1400FE3FE7 /* PhotoModelDataService.swift */ = {isa = PBXFileReference; lastKnownFileType = sourcecode.swift; path = PhotoModelDataService.swift; sourceTree = "<group>"; };
		B1789BC629BC69D900FE3FE7 /* DownloadedImageInRow.swift */ = {isa = PBXFileReference; lastKnownFileType = sourcecode.swift; path = DownloadedImageInRow.swift; sourceTree = "<group>"; };
		B1789BC829BC7F9700FE3FE7 /* DownloadingImageView.swift */ = {isa = PBXFileReference; lastKnownFileType = sourcecode.swift; path = DownloadingImageView.swift; sourceTree = "<group>"; };
		B1789BCA29BC806900FE3FE7 /* ImageLoadingViewModel.swift */ = {isa = PBXFileReference; lastKnownFileType = sourcecode.swift; path = ImageLoadingViewModel.swift; sourceTree = "<group>"; };
		B1789BCC29BC953F00FE3FE7 /* PhotoModelCacheManager.swift */ = {isa = PBXFileReference; lastKnownFileType = sourcecode.swift; path = PhotoModelCacheManager.swift; sourceTree = "<group>"; };
		B1789BCE29BC976B00FE3FE7 /* PhotoModelFileManager.swift */ = {isa = PBXFileReference; lastKnownFileType = sourcecode.swift; path = PhotoModelFileManager.swift; sourceTree = "<group>"; };
/* End PBXFileReference section */

/* Begin PBXFrameworksBuildPhase section */
		B1789BA629BC45BD00FE3FE7 /* Frameworks */ = {
			isa = PBXFrameworksBuildPhase;
			buildActionMask = 2147483647;
			files = (
			);
			runOnlyForDeploymentPostprocessing = 0;
		};
/* End PBXFrameworksBuildPhase section */

/* Begin PBXGroup section */
		B1789BA029BC45BC00FE3FE7 = {
			isa = PBXGroup;
			children = (
				B1789BAB29BC45BD00FE3FE7 /* MiniApp */,
				B1789BAA29BC45BD00FE3FE7 /* Products */,
			);
			sourceTree = "<group>";
		};
		B1789BAA29BC45BD00FE3FE7 /* Products */ = {
			isa = PBXGroup;
			children = (
				B1789BA929BC45BD00FE3FE7 /* MiniApp.app */,
			);
			name = Products;
			sourceTree = "<group>";
		};
		B1789BAB29BC45BD00FE3FE7 /* MiniApp */ = {
			isa = PBXGroup;
			children = (
				B1789BBD29BC468D00FE3FE7 /* Utilities */,
				B1789BBC29BC467D00FE3FE7 /* Views */,
				B1789BBA29BC461500FE3FE7 /* ViewModels */,
				B1789BBB29BC467600FE3FE7 /* Models */,
				B1789BAC29BC45BD00FE3FE7 /* MiniAppApp.swift */,
				B1789BB029BC45BD00FE3FE7 /* Assets.xcassets */,
				B1789BB229BC45BD00FE3FE7 /* Preview Content */,
			);
			path = MiniApp;
			sourceTree = "<group>";
		};
		B1789BB229BC45BD00FE3FE7 /* Preview Content */ = {
			isa = PBXGroup;
			children = (
				B1789BB329BC45BD00FE3FE7 /* Preview Assets.xcassets */,
			);
			path = "Preview Content";
			sourceTree = "<group>";
		};
		B1789BBA29BC461500FE3FE7 /* ViewModels */ = {
			isa = PBXGroup;
			children = (
				B1789BC229BC498200FE3FE7 /* DownloadingImagesViewModel.swift */,
				B1789BCA29BC806900FE3FE7 /* ImageLoadingViewModel.swift */,
			);
			path = ViewModels;
			sourceTree = "<group>";
		};
		B1789BBB29BC467600FE3FE7 /* Models */ = {
			isa = PBXGroup;
			children = (
				B1789BC029BC488B00FE3FE7 /* PhotoModel.swift */,
			);
			path = Models;
			sourceTree = "<group>";
		};
		B1789BBC29BC467D00FE3FE7 /* Views */ = {
			isa = PBXGroup;
			children = (
				B1789BBE29BC472000FE3FE7 /* DownloadingImages.swift */,
				B1789BC629BC69D900FE3FE7 /* DownloadedImageInRow.swift */,
				B1789BC829BC7F9700FE3FE7 /* DownloadingImageView.swift */,
			);
			path = Views;
			sourceTree = "<group>";
		};
		B1789BBD29BC468D00FE3FE7 /* Utilities */ = {
			isa = PBXGroup;
			children = (
				B1789BC429BC4B1400FE3FE7 /* PhotoModelDataService.swift */,
				B1789BCC29BC953F00FE3FE7 /* PhotoModelCacheManager.swift */,
				B1789BCE29BC976B00FE3FE7 /* PhotoModelFileManager.swift */,
			);
			path = Utilities;
			sourceTree = "<group>";
		};
/* End PBXGroup section */

/* Begin PBXNativeTarget section */
		B1789BA829BC45BD00FE3FE7 /* MiniApp */ = {
			isa = PBXNativeTarget;
			buildConfigurationList = B1789BB729BC45BD00FE3FE7 /* Build configuration list for PBXNativeTarget "MiniApp" */;
			buildPhases = (
				B1789BA529BC45BD00FE3FE7 /* Sources */,
				B1789BA629BC45BD00FE3FE7 /* Frameworks */,
				B1789BA729BC45BD00FE3FE7 /* Resources */,
			);
			buildRules = (
			);
			dependencies = (
			);
			name = MiniApp;
			productName = MiniApp;
			productReference = B1789BA929BC45BD00FE3FE7 /* MiniApp.app */;
			productType = "com.apple.product-type.application";
		};
/* End PBXNativeTarget section */

/* Begin PBXProject section */
		B1789BA129BC45BC00FE3FE7 /* Project object */ = {
			isa = PBXProject;
			attributes = {
				BuildIndependentTargetsInParallel = 1;
				LastSwiftUpdateCheck = 1420;
				LastUpgradeCheck = 1420;
				TargetAttributes = {
					B1789BA829BC45BD00FE3FE7 = {
						CreatedOnToolsVersion = 14.2;
					};
				};
			};
			buildConfigurationList = B1789BA429BC45BC00FE3FE7 /* Build configuration list for PBXProject "MiniApp" */;
			compatibilityVersion = "Xcode 14.0";
			developmentRegion = en;
			hasScannedForEncodings = 0;
			knownRegions = (
				en,
				Base,
			);
			mainGroup = B1789BA029BC45BC00FE3FE7;
			productRefGroup = B1789BAA29BC45BD00FE3FE7 /* Products */;
			projectDirPath = "";
			projectRoot = "";
			targets = (
				B1789BA829BC45BD00FE3FE7 /* MiniApp */,
			);
		};
/* End PBXProject section */

/* Begin PBXResourcesBuildPhase section */
		B1789BA729BC45BD00FE3FE7 /* Resources */ = {
			isa = PBXResourcesBuildPhase;
			buildActionMask = 2147483647;
			files = (
				B1789BB429BC45BD00FE3FE7 /* Preview Assets.xcassets in Resources */,
				B1789BB129BC45BD00FE3FE7 /* Assets.xcassets in Resources */,
			);
			runOnlyForDeploymentPostprocessing = 0;
		};
/* End PBXResourcesBuildPhase section */

/* Begin PBXSourcesBuildPhase section */
		B1789BA529BC45BD00FE3FE7 /* Sources */ = {
			isa = PBXSourcesBuildPhase;
			buildActionMask = 2147483647;
			files = (
				B1789BCB29BC806900FE3FE7 /* ImageLoadingViewModel.swift in Sources */,
				B1789BCF29BC976B00FE3FE7 /* PhotoModelFileManager.swift in Sources */,
				B1789BC329BC498200FE3FE7 /* DownloadingImagesViewModel.swift in Sources */,
				B1789BC929BC7F9700FE3FE7 /* DownloadingImageView.swift in Sources */,
				B1789BC529BC4B1400FE3FE7 /* PhotoModelDataService.swift in Sources */,
				B1789BAD29BC45BD00FE3FE7 /* MiniAppApp.swift in Sources */,
				B1789BC129BC488B00FE3FE7 /* PhotoModel.swift in Sources */,
				B1789BCD29BC953F00FE3FE7 /* PhotoModelCacheManager.swift in Sources */,
				B1789BC729BC69D900FE3FE7 /* DownloadedImageInRow.swift in Sources */,
				B1789BBF29BC472000FE3FE7 /* DownloadingImages.swift in Sources */,
			);
			runOnlyForDeploymentPostprocessing = 0;
		};
/* End PBXSourcesBuildPhase section */

/* Begin XCBuildConfiguration section */
		B1789BB529BC45BD00FE3FE7 /* Debug */ = {
			isa = XCBuildConfiguration;
			buildSettings = {
				ALWAYS_SEARCH_USER_PATHS = NO;
				CLANG_ANALYZER_NONNULL = YES;
				CLANG_ANALYZER_NUMBER_OBJECT_CONVERSION = YES_AGGRESSIVE;
				CLANG_CXX_LANGUAGE_STANDARD = "gnu++20";
				CLANG_ENABLE_MODULES = YES;
				CLANG_ENABLE_OBJC_ARC = YES;
				CLANG_ENABLE_OBJC_WEAK = YES;
				CLANG_WARN_BLOCK_CAPTURE_AUTORELEASING = YES;
				CLANG_WARN_BOOL_CONVERSION = YES;
				CLANG_WARN_COMMA = YES;
				CLANG_WARN_CONSTANT_CONVERSION = YES;
				CLANG_WARN_DEPRECATED_OBJC_IMPLEMENTATIONS = YES;
				CLANG_WARN_DIRECT_OBJC_ISA_USAGE = YES_ERROR;
				CLANG_WARN_DOCUMENTATION_COMMENTS = YES;
				CLANG_WARN_EMPTY_BODY = YES;
				CLANG_WARN_ENUM_CONVERSION = YES;
				CLANG_WARN_INFINITE_RECURSION = YES;
				CLANG_WARN_INT_CONVERSION = YES;
				CLANG_WARN_NON_LITERAL_NULL_CONVERSION = YES;
				CLANG_WARN_OBJC_IMPLICIT_RETAIN_SELF = YES;
				CLANG_WARN_OBJC_LITERAL_CONVERSION = YES;
				CLANG_WARN_OBJC_ROOT_CLASS = YES_ERROR;
				CLANG_WARN_QUOTED_INCLUDE_IN_FRAMEWORK_HEADER = YES;
				CLANG_WARN_RANGE_LOOP_ANALYSIS = YES;
				CLANG_WARN_STRICT_PROTOTYPES = YES;
				CLANG_WARN_SUSPICIOUS_MOVE = YES;
				CLANG_WARN_UNGUARDED_AVAILABILITY = YES_AGGRESSIVE;
				CLANG_WARN_UNREACHABLE_CODE = YES;
				CLANG_WARN__DUPLICATE_METHOD_MATCH = YES;
				COPY_PHASE_STRIP = NO;
				DEBUG_INFORMATION_FORMAT = dwarf;
				ENABLE_STRICT_OBJC_MSGSEND = YES;
				ENABLE_TESTABILITY = YES;
				GCC_C_LANGUAGE_STANDARD = gnu11;
				GCC_DYNAMIC_NO_PIC = NO;
				GCC_NO_COMMON_BLOCKS = YES;
				GCC_OPTIMIZATION_LEVEL = 0;
				GCC_PREPROCESSOR_DEFINITIONS = (
					"DEBUG=1",
					"$(inherited)",
				);
				GCC_WARN_64_TO_32_BIT_CONVERSION = YES;
				GCC_WARN_ABOUT_RETURN_TYPE = YES_ERROR;
				GCC_WARN_UNDECLARED_SELECTOR = YES;
				GCC_WARN_UNINITIALIZED_AUTOS = YES_AGGRESSIVE;
				GCC_WARN_UNUSED_FUNCTION = YES;
				GCC_WARN_UNUSED_VARIABLE = YES;
				IPHONEOS_DEPLOYMENT_TARGET = 16.2;
				MTL_ENABLE_DEBUG_INFO = INCLUDE_SOURCE;
				MTL_FAST_MATH = YES;
				ONLY_ACTIVE_ARCH = YES;
				SDKROOT = iphoneos;
				SWIFT_ACTIVE_COMPILATION_CONDITIONS = DEBUG;
				SWIFT_OPTIMIZATION_LEVEL = "-Onone";
			};
			name = Debug;
		};
		B1789BB629BC45BD00FE3FE7 /* Release */ = {
			isa = XCBuildConfiguration;
			buildSettings = {
				ALWAYS_SEARCH_USER_PATHS = NO;
				CLANG_ANALYZER_NONNULL = YES;
				CLANG_ANALYZER_NUMBER_OBJECT_CONVERSION = YES_AGGRESSIVE;
				CLANG_CXX_LANGUAGE_STANDARD = "gnu++20";
				CLANG_ENABLE_MODULES = YES;
				CLANG_ENABLE_OBJC_ARC = YES;
				CLANG_ENABLE_OBJC_WEAK = YES;
				CLANG_WARN_BLOCK_CAPTURE_AUTORELEASING = YES;
				CLANG_WARN_BOOL_CONVERSION = YES;
				CLANG_WARN_COMMA = YES;
				CLANG_WARN_CONSTANT_CONVERSION = YES;
				CLANG_WARN_DEPRECATED_OBJC_IMPLEMENTATIONS = YES;
				CLANG_WARN_DIRECT_OBJC_ISA_USAGE = YES_ERROR;
				CLANG_WARN_DOCUMENTATION_COMMENTS = YES;
				CLANG_WARN_EMPTY_BODY = YES;
				CLANG_WARN_ENUM_CONVERSION = YES;
				CLANG_WARN_INFINITE_RECURSION = YES;
				CLANG_WARN_INT_CONVERSION = YES;
				CLANG_WARN_NON_LITERAL_NULL_CONVERSION = YES;
				CLANG_WARN_OBJC_IMPLICIT_RETAIN_SELF = YES;
				CLANG_WARN_OBJC_LITERAL_CONVERSION = YES;
				CLANG_WARN_OBJC_ROOT_CLASS = YES_ERROR;
				CLANG_WARN_QUOTED_INCLUDE_IN_FRAMEWORK_HEADER = YES;
				CLANG_WARN_RANGE_LOOP_ANALYSIS = YES;
				CLANG_WARN_STRICT_PROTOTYPES = YES;
				CLANG_WARN_SUSPICIOUS_MOVE = YES;
				CLANG_WARN_UNGUARDED_AVAILABILITY = YES_AGGRESSIVE;
				CLANG_WARN_UNREACHABLE_CODE = YES;
				CLANG_WARN__DUPLICATE_METHOD_MATCH = YES;
				COPY_PHASE_STRIP = NO;
				DEBUG_INFORMATION_FORMAT = "dwarf-with-dsym";
				ENABLE_NS_ASSERTIONS = NO;
				ENABLE_STRICT_OBJC_MSGSEND = YES;
				GCC_C_LANGUAGE_STANDARD = gnu11;
				GCC_NO_COMMON_BLOCKS = YES;
				GCC_WARN_64_TO_32_BIT_CONVERSION = YES;
				GCC_WARN_ABOUT_RETURN_TYPE = YES_ERROR;
				GCC_WARN_UNDECLARED_SELECTOR = YES;
				GCC_WARN_UNINITIALIZED_AUTOS = YES_AGGRESSIVE;
				GCC_WARN_UNUSED_FUNCTION = YES;
				GCC_WARN_UNUSED_VARIABLE = YES;
				IPHONEOS_DEPLOYMENT_TARGET = 16.2;
				MTL_ENABLE_DEBUG_INFO = NO;
				MTL_FAST_MATH = YES;
				SDKROOT = iphoneos;
				SWIFT_COMPILATION_MODE = wholemodule;
				SWIFT_OPTIMIZATION_LEVEL = "-O";
				VALIDATE_PRODUCT = YES;
			};
			name = Release;
		};
		B1789BB829BC45BD00FE3FE7 /* Debug */ = {
			isa = XCBuildConfiguration;
			buildSettings = {
				ASSETCATALOG_COMPILER_APPICON_NAME = AppIcon;
				ASSETCATALOG_COMPILER_GLOBAL_ACCENT_COLOR_NAME = AccentColor;
				CODE_SIGN_STYLE = Automatic;
				CURRENT_PROJECT_VERSION = 1;
				DEVELOPMENT_ASSET_PATHS = "\"MiniApp/Preview Content\"";
				DEVELOPMENT_TEAM = VBR6BQ4HNS;
				ENABLE_PREVIEWS = YES;
				GENERATE_INFOPLIST_FILE = YES;
				INFOPLIST_KEY_UIApplicationSceneManifest_Generation = YES;
				INFOPLIST_KEY_UIApplicationSupportsIndirectInputEvents = YES;
				INFOPLIST_KEY_UILaunchScreen_Generation = YES;
				INFOPLIST_KEY_UISupportedInterfaceOrientations_iPad = "UIInterfaceOrientationPortrait UIInterfaceOrientationPortraitUpsideDown UIInterfaceOrientationLandscapeLeft UIInterfaceOrientationLandscapeRight";
				INFOPLIST_KEY_UISupportedInterfaceOrientations_iPhone = "UIInterfaceOrientationPortrait UIInterfaceOrientationLandscapeLeft UIInterfaceOrientationLandscapeRight";
				LD_RUNPATH_SEARCH_PATHS = (
					"$(inherited)",
					"@executable_path/Frameworks",
				);
				MARKETING_VERSION = 1.0;
				PRODUCT_BUNDLE_IDENTIFIER = "com.example.apple-samplecode.MiniApp";
				PRODUCT_NAME = "$(TARGET_NAME)";
				SWIFT_EMIT_LOC_STRINGS = YES;
				SWIFT_VERSION = 5.0;
				TARGETED_DEVICE_FAMILY = "1,2";
			};
			name = Debug;
		};
		B1789BB929BC45BD00FE3FE7 /* Release */ = {
			isa = XCBuildConfiguration;
			buildSettings = {
				ASSETCATALOG_COMPILER_APPICON_NAME = AppIcon;
				ASSETCATALOG_COMPILER_GLOBAL_ACCENT_COLOR_NAME = AccentColor;
				CODE_SIGN_STYLE = Automatic;
				CURRENT_PROJECT_VERSION = 1;
				DEVELOPMENT_ASSET_PATHS = "\"MiniApp/Preview Content\"";
				DEVELOPMENT_TEAM = VBR6BQ4HNS;
				ENABLE_PREVIEWS = YES;
				GENERATE_INFOPLIST_FILE = YES;
				INFOPLIST_KEY_UIApplicationSceneManifest_Generation = YES;
				INFOPLIST_KEY_UIApplicationSupportsIndirectInputEvents = YES;
				INFOPLIST_KEY_UILaunchScreen_Generation = YES;
				INFOPLIST_KEY_UISupportedInterfaceOrientations_iPad = "UIInterfaceOrientationPortrait UIInterfaceOrientationPortraitUpsideDown UIInterfaceOrientationLandscapeLeft UIInterfaceOrientationLandscapeRight";
				INFOPLIST_KEY_UISupportedInterfaceOrientations_iPhone = "UIInterfaceOrientationPortrait UIInterfaceOrientationLandscapeLeft UIInterfaceOrientationLandscapeRight";
				LD_RUNPATH_SEARCH_PATHS = (
					"$(inherited)",
					"@executable_path/Frameworks",
				);
				MARKETING_VERSION = 1.0;
				PRODUCT_BUNDLE_IDENTIFIER = "com.example.apple-samplecode.MiniApp";
				PRODUCT_NAME = "$(TARGET_NAME)";
				SWIFT_EMIT_LOC_STRINGS = YES;
				SWIFT_VERSION = 5.0;
				TARGETED_DEVICE_FAMILY = "1,2";
			};
			name = Release;
		};
/* End XCBuildConfiguration section */

/* Begin XCConfigurationList section */
		B1789BA429BC45BC00FE3FE7 /* Build configuration list for PBXProject "MiniApp" */ = {
			isa = XCConfigurationList;
			buildConfigurations = (
				B1789BB529BC45BD00FE3FE7 /* Debug */,
				B1789BB629BC45BD00FE3FE7 /* Release */,
			);
			defaultConfigurationIsVisible = 0;
			defaultConfigurationName = Release;
		};
		B1789BB729BC45BD00FE3FE7 /* Build configuration list for PBXNativeTarget "MiniApp" */ = {
			isa = XCConfigurationList;
			buildConfigurations = (
				B1789BB829BC45BD00FE3FE7 /* Debug */,
				B1789BB929BC45BD00FE3FE7 /* Release */,
			);
			defaultConfigurationIsVisible = 0;
			defaultConfigurationName = Release;
		};
/* End XCConfigurationList section */
	};
	rootObject = B1789BA129BC45BC00FE3FE7 /* Project object */;
}
